// !$*UTF8*$!
{
	archiveVersion = 1;
	classes = {
	};
	objectVersion = 46;
	objects = {

/* Begin PBXBuildFile section */
		CD2F192E1BB8013B00536998 /* AppDelegate.swift in Sources */ = {isa = PBXBuildFile; fileRef = CD2F192D1BB8013B00536998 /* AppDelegate.swift */; };
		CD2F19301BB8013B00536998 /* ViewController.swift in Sources */ = {isa = PBXBuildFile; fileRef = CD2F192F1BB8013B00536998 /* ViewController.swift */; };
		CD2F19331BB8013B00536998 /* Main.storyboard in Resources */ = {isa = PBXBuildFile; fileRef = CD2F19311BB8013B00536998 /* Main.storyboard */; };
		CD2F19351BB8013B00536998 /* Assets.xcassets in Resources */ = {isa = PBXBuildFile; fileRef = CD2F19341BB8013B00536998 /* Assets.xcassets */; };
		CD3FBA041BB81F2F00167A92 /* SwiftyJSON.swift in Sources */ = {isa = PBXBuildFile; fileRef = CD3FBA031BB81F2F00167A92 /* SwiftyJSON.swift */; };
		CD3FBA061BB81FEB00167A92 /* ApiService.swift in Sources */ = {isa = PBXBuildFile; fileRef = CD3FBA051BB81FEB00167A92 /* ApiService.swift */; };
		CDB733101BB95ADD00D8E742 /* ApiResults.swift in Sources */ = {isa = PBXBuildFile; fileRef = CDB7330F1BB95ADD00D8E742 /* ApiResults.swift */; };
		CDB733121BB95D9C00D8E742 /* ApiTVResult.swift in Sources */ = {isa = PBXBuildFile; fileRef = CDB733111BB95D9C00D8E742 /* ApiTVResult.swift */; };
		CDB733141BB963F800D8E742 /* ShowCell.swift in Sources */ = {isa = PBXBuildFile; fileRef = CDB733131BB963F800D8E742 /* ShowCell.swift */; };
/* End PBXBuildFile section */

/* Begin PBXFileReference section */
		CD2F192A1BB8013B00536998 /* PopularTVShows.app */ = {isa = PBXFileReference; explicitFileType = wrapper.application; includeInIndex = 0; path = PopularTVShows.app; sourceTree = BUILT_PRODUCTS_DIR; };
		CD2F192D1BB8013B00536998 /* AppDelegate.swift */ = {isa = PBXFileReference; lastKnownFileType = sourcecode.swift; path = AppDelegate.swift; sourceTree = "<group>"; };
		CD2F192F1BB8013B00536998 /* ViewController.swift */ = {isa = PBXFileReference; lastKnownFileType = sourcecode.swift; path = ViewController.swift; sourceTree = "<group>"; };
		CD2F19321BB8013B00536998 /* Base */ = {isa = PBXFileReference; lastKnownFileType = file.storyboard; name = Base; path = Base.lproj/Main.storyboard; sourceTree = "<group>"; };
		CD2F19341BB8013B00536998 /* Assets.xcassets */ = {isa = PBXFileReference; lastKnownFileType = folder.assetcatalog; path = Assets.xcassets; sourceTree = "<group>"; };
		CD2F19361BB8013B00536998 /* Info.plist */ = {isa = PBXFileReference; lastKnownFileType = text.plist.xml; path = Info.plist; sourceTree = "<group>"; };
		CD3FBA031BB81F2F00167A92 /* SwiftyJSON.swift */ = {isa = PBXFileReference; fileEncoding = 4; lastKnownFileType = sourcecode.swift; path = SwiftyJSON.swift; sourceTree = "<group>"; };
		CD3FBA051BB81FEB00167A92 /* ApiService.swift */ = {isa = PBXFileReference; fileEncoding = 4; lastKnownFileType = sourcecode.swift; path = ApiService.swift; sourceTree = "<group>"; };
		CDB7330F1BB95ADD00D8E742 /* ApiResults.swift */ = {isa = PBXFileReference; fileEncoding = 4; lastKnownFileType = sourcecode.swift; path = ApiResults.swift; sourceTree = "<group>"; };
		CDB733111BB95D9C00D8E742 /* ApiTVResult.swift */ = {isa = PBXFileReference; fileEncoding = 4; lastKnownFileType = sourcecode.swift; path = ApiTVResult.swift; sourceTree = "<group>"; };
		CDB733131BB963F800D8E742 /* ShowCell.swift */ = {isa = PBXFileReference; fileEncoding = 4; lastKnownFileType = sourcecode.swift; path = ShowCell.swift; sourceTree = "<group>"; };
/* End PBXFileReference section */

/* Begin PBXFrameworksBuildPhase section */
		CD2F19271BB8013B00536998 /* Frameworks */ = {
			isa = PBXFrameworksBuildPhase;
			buildActionMask = 2147483647;
			files = (
			);
			runOnlyForDeploymentPostprocessing = 0;
		};
/* End PBXFrameworksBuildPhase section */

/* Begin PBXGroup section */
		CD2F19211BB8013B00536998 = {
			isa = PBXGroup;
			children = (
				CD2F192C1BB8013B00536998 /* PopularTVShows */,
				CD2F192B1BB8013B00536998 /* Products */,
			);
			sourceTree = "<group>";
		};
		CD2F192B1BB8013B00536998 /* Products */ = {
			isa = PBXGroup;
			children = (
				CD2F192A1BB8013B00536998 /* PopularTVShows.app */,
			);
			name = Products;
			sourceTree = "<group>";
		};
		CD2F192C1BB8013B00536998 /* PopularTVShows */ = {
			isa = PBXGroup;
			children = (
				CD3FBA031BB81F2F00167A92 /* SwiftyJSON.swift */,
				CD2F192D1BB8013B00536998 /* AppDelegate.swift */,
				CD2F192F1BB8013B00536998 /* ViewController.swift */,
				CD2F19311BB8013B00536998 /* Main.storyboard */,
				CD2F19341BB8013B00536998 /* Assets.xcassets */,
				CD2F19361BB8013B00536998 /* Info.plist */,
				CD3FBA051BB81FEB00167A92 /* ApiService.swift */,
				CDB7330F1BB95ADD00D8E742 /* ApiResults.swift */,
				CDB733111BB95D9C00D8E742 /* ApiTVResult.swift */,
				CDB733131BB963F800D8E742 /* ShowCell.swift */,
			);
			path = PopularTVShows;
			sourceTree = "<group>";
		};
/* End PBXGroup section */

/* Begin PBXNativeTarget section */
		CD2F19291BB8013B00536998 /* PopularTVShows */ = {
			isa = PBXNativeTarget;
			buildConfigurationList = CD2F19391BB8013B00536998 /* Build configuration list for PBXNativeTarget "PopularTVShows" */;
			buildPhases = (
				CD2F19261BB8013B00536998 /* Sources */,
				CD2F19271BB8013B00536998 /* Frameworks */,
				CD2F19281BB8013B00536998 /* Resources */,
			);
			buildRules = (
			);
			dependencies = (
			);
			name = PopularTVShows;
			productName = PopularTVShows;
			productReference = CD2F192A1BB8013B00536998 /* PopularTVShows.app */;
			productType = "com.apple.product-type.application";
		};
/* End PBXNativeTarget section */

/* Begin PBXProject section */
		CD2F19221BB8013B00536998 /* Project object */ = {
			isa = PBXProject;
			attributes = {
				LastUpgradeCheck = 0710;
				ORGANIZATIONNAME = "Patrick Haralabidis";
				TargetAttributes = {
					CD2F19291BB8013B00536998 = {
						CreatedOnToolsVersion = 7.1;
						DevelopmentTeam = 79JX87LWWM;
						LastSwiftMigration = 0830;
					};
				};
			};
			buildConfigurationList = CD2F19251BB8013B00536998 /* Build configuration list for PBXProject "PopularTVShows" */;
			compatibilityVersion = "Xcode 3.2";
			developmentRegion = English;
			hasScannedForEncodings = 0;
			knownRegions = (
				en,
				Base,
			);
			mainGroup = CD2F19211BB8013B00536998;
			productRefGroup = CD2F192B1BB8013B00536998 /* Products */;
			projectDirPath = "";
			projectRoot = "";
			targets = (
				CD2F19291BB8013B00536998 /* PopularTVShows */,
			);
		};
/* End PBXProject section */

/* Begin PBXResourcesBuildPhase section */
		CD2F19281BB8013B00536998 /* Resources */ = {
			isa = PBXResourcesBuildPhase;
			buildActionMask = 2147483647;
			files = (
				CD2F19351BB8013B00536998 /* Assets.xcassets in Resources */,
				CD2F19331BB8013B00536998 /* Main.storyboard in Resources */,
			);
			runOnlyForDeploymentPostprocessing = 0;
		};
/* End PBXResourcesBuildPhase section */

/* Begin PBXSourcesBuildPhase section */
		CD2F19261BB8013B00536998 /* Sources */ = {
			isa = PBXSourcesBuildPhase;
			buildActionMask = 2147483647;
			files = (
				CD3FBA041BB81F2F00167A92 /* SwiftyJSON.swift in Sources */,
				CD2F19301BB8013B00536998 /* ViewController.swift in Sources */,
				CD3FBA061BB81FEB00167A92 /* ApiService.swift in Sources */,
				CDB733141BB963F800D8E742 /* ShowCell.swift in Sources */,
				CD2F192E1BB8013B00536998 /* AppDelegate.swift in Sources */,
				CDB733101BB95ADD00D8E742 /* ApiResults.swift in Sources */,
				CDB733121BB95D9C00D8E742 /* ApiTVResult.swift in Sources */,
			);
			runOnlyForDeploymentPostprocessing = 0;
		};
/* End PBXSourcesBuildPhase section */

/* Begin PBXVariantGroup section */
		CD2F19311BB8013B00536998 /* Main.storyboard */ = {
			isa = PBXVariantGroup;
			children = (
				CD2F19321BB8013B00536998 /* Base */,
			);
			name = Main.storyboard;
			sourceTree = "<group>";
		};
/* End PBXVariantGroup section */

/* Begin XCBuildConfiguration section */
		CD2F19371BB8013B00536998 /* Debug */ = {
			isa = XCBuildConfiguration;
			buildSettings = {
				ALWAYS_SEARCH_USER_PATHS = NO;
				CLANG_CXX_LANGUAGE_STANDARD = "gnu++0x";
				CLANG_CXX_LIBRARY = "libc++";
				CLANG_ENABLE_MODULES = YES;
				CLANG_ENABLE_OBJC_ARC = YES;
				CLANG_WARN_BOOL_CONVERSION = YES;
				CLANG_WARN_CONSTANT_CONVERSION = YES;
				CLANG_WARN_DIRECT_OBJC_ISA_USAGE = YES_ERROR;
				CLANG_WARN_EMPTY_BODY = YES;
				CLANG_WARN_ENUM_CONVERSION = YES;
				CLANG_WARN_INT_CONVERSION = YES;
				CLANG_WARN_OBJC_ROOT_CLASS = YES_ERROR;
				CLANG_WARN_UNREACHABLE_CODE = YES;
				CLANG_WARN__DUPLICATE_METHOD_MATCH = YES;
				COPY_PHASE_STRIP = NO;
				DEBUG_INFORMATION_FORMAT = dwarf;
				ENABLE_STRICT_OBJC_MSGSEND = YES;
				ENABLE_TESTABILITY = YES;
				GCC_C_LANGUAGE_STANDARD = gnu99;
				GCC_DYNAMIC_NO_PIC = NO;
				GCC_NO_COMMON_BLOCKS = YES;
				GCC_OPTIMIZATION_LEVEL = 0;
				GCC_PREPROCESSOR_DEFINITIONS = (
					"DEBUG=1",
					"$(inherited)",
				);
				GCC_WARN_64_TO_32_BIT_CONVERSION = YES;
				GCC_WARN_ABOUT_RETURN_TYPE = YES_ERROR;
				GCC_WARN_UNDECLARED_SELECTOR = YES;
				GCC_WARN_UNINITIALIZED_AUTOS = YES_AGGRESSIVE;
				GCC_WARN_UNUSED_FUNCTION = YES;
				GCC_WARN_UNUSED_VARIABLE = YES;
				MTL_ENABLE_DEBUG_INFO = YES;
				ONLY_ACTIVE_ARCH = YES;
				SDKROOT = appletvos;
				SWIFT_OPTIMIZATION_LEVEL = "-Onone";
				TARGETED_DEVICE_FAMILY = 3;
				TVOS_DEPLOYMENT_TARGET = 9.0;
			};
			name = Debug;
		};
		CD2F19381BB8013B00536998 /* Release */ = {
			isa = XCBuildConfiguration;
			buildSettings = {
				ALWAYS_SEARCH_USER_PATHS = NO;
				CLANG_CXX_LANGUAGE_STANDARD = "gnu++0x";
				CLANG_CXX_LIBRARY = "libc++";
				CLANG_ENABLE_MODULES = YES;
				CLANG_ENABLE_OBJC_ARC = YES;
				CLANG_WARN_BOOL_CONVERSION = YES;
				CLANG_WARN_CONSTANT_CONVERSION = YES;
				CLANG_WARN_DIRECT_OBJC_ISA_USAGE = YES_ERROR;
				CLANG_WARN_EMPTY_BODY = YES;
				CLANG_WARN_ENUM_CONVERSION = YES;
				CLANG_WARN_INT_CONVERSION = YES;
				CLANG_WARN_OBJC_ROOT_CLASS = YES_ERROR;
				CLANG_WARN_UNREACHABLE_CODE = YES;
				CLANG_WARN__DUPLICATE_METHOD_MATCH = YES;
				COPY_PHASE_STRIP = NO;
				DEBUG_INFORMATION_FORMAT = "dwarf-with-dsym";
				ENABLE_NS_ASSERTIONS = NO;
				ENABLE_STRICT_OBJC_MSGSEND = YES;
				GCC_C_LANGUAGE_STANDARD = gnu99;
				GCC_NO_COMMON_BLOCKS = YES;
				GCC_WARN_64_TO_32_BIT_CONVERSION = YES;
				GCC_WARN_ABOUT_RETURN_TYPE = YES_ERROR;
				GCC_WARN_UNDECLARED_SELECTOR = YES;
				GCC_WARN_UNINITIALIZED_AUTOS = YES_AGGRESSIVE;
				GCC_WARN_UNUSED_FUNCTION = YES;
				GCC_WARN_UNUSED_VARIABLE = YES;
				MTL_ENABLE_DEBUG_INFO = NO;
				SDKROOT = appletvos;
				TARGETED_DEVICE_FAMILY = 3;
				TVOS_DEPLOYMENT_TARGET = 9.0;
				VALIDATE_PRODUCT = YES;
			};
			name = Release;
		};
		CD2F193A1BB8013B00536998 /* Debug */ = {
			isa = XCBuildConfiguration;
			buildSettings = {
				ASSETCATALOG_COMPILER_APPICON_NAME = "App Icon & Top Shelf Image";
				ASSETCATALOG_COMPILER_LAUNCHIMAGE_NAME = LaunchImage;
				CODE_SIGN_IDENTITY = "iPhone Developer";
				INFOPLIST_FILE = PopularTVShows/Info.plist;
				LD_RUNPATH_SEARCH_PATHS = "$(inherited) @executable_path/Frameworks";
				PRODUCT_BUNDLE_IDENTIFIER = net.haralabidis.PopularTVShows;
				PRODUCT_NAME = "$(TARGET_NAME)";
				SWIFT_VERSION = 3.0;
			};
			name = Debug;
		};
		CD2F193B1BB8013B00536998 /* Release */ = {
			isa = XCBuildConfiguration;
			buildSettings = {
				ASSETCATALOG_COMPILER_APPICON_NAME = "App Icon & Top Shelf Image";
				ASSETCATALOG_COMPILER_LAUNCHIMAGE_NAME = LaunchImage;
				CODE_SIGN_IDENTITY = "iPhone Developer";
				INFOPLIST_FILE = PopularTVShows/Info.plist;
				LD_RUNPATH_SEARCH_PATHS = "$(inherited) @executable_path/Frameworks";
				PRODUCT_BUNDLE_IDENTIFIER = net.haralabidis.PopularTVShows;
				PRODUCT_NAME = "$(TARGET_NAME)";
				SWIFT_VERSION = 3.0;
			};
			name = Release;
		};
/* End XCBuildConfiguration section */

/* Begin XCConfigurationList section */
		CD2F19251BB8013B00536998 /* Build configuration list for PBXProject "PopularTVShows" */ = {
			isa = XCConfigurationList;
			buildConfigurations = (
				CD2F19371BB8013B00536998 /* Debug */,
				CD2F19381BB8013B00536998 /* Release */,
			);
			defaultConfigurationIsVisible = 0;
			defaultConfigurationName = Release;
		};
		CD2F19391BB8013B00536998 /* Build configuration list for PBXNativeTarget "PopularTVShows" */ = {
			isa = XCConfigurationList;
			buildConfigurations = (
				CD2F193A1BB8013B00536998 /* Debug */,
				CD2F193B1BB8013B00536998 /* Release */,
			);
			defaultConfigurationIsVisible = 0;
			defaultConfigurationName = Release;
		};
/* End XCConfigurationList section */
	};
	rootObject = CD2F19221BB8013B00536998 /* Project object */;
}
